
Microsoft Visual Studio Solution File, Format Version 12.00
# Visual Studio 2013
Project("{FAE04EC0-301F-11D3-BF4B-00C04F79EFBC}") = "UnityVS.bulletXNA_ts.CSharp", "UnityVS.bulletXNA_ts.CSharp.csproj", "{99261818-B163-6B17-AF09-CD485D09AC4A}"
EndProject
Global
	GlobalSection(SolutionConfigurationPlatforms) = preSolution
		Debug|Any CPU = Debug|Any CPU
		Release|Any CPU = Release|Any CPU
	EndGlobalSection
	GlobalSection(ProjectConfigurationPlatforms) = postSolution
		{99261818-B163-6B17-AF09-CD485D09AC4A}.Debug|Any CPU.ActiveCfg = Debug|Any CPU
		{99261818-B163-6B17-AF09-CD485D09AC4A}.Debug|Any CPU.Build.0 = Debug|Any CPU
		{99261818-B163-6B17-AF09-CD485D09AC4A}.Release|Any CPU.ActiveCfg = Release|Any CPU
		{99261818-B163-6B17-AF09-CD485D09AC4A}.Release|Any CPU.Build.0 = Release|Any CPU
	EndGlobalSection
	GlobalSection(SolutionProperties) = preSolution
		HideSolutionNode = FALSE
	EndGlobalSection
EndGlobal
